
Microsoft Visual Studio Solution File, Format Version 12.00
# Visual Studio Version 17
VisualStudioVersion = 17.8.34330.188
MinimumVisualStudioVersion = 10.0.40219.1
Project("{FAE04EC0-301F-11D3-BF4B-00C04F79EFBC}") = "TaskEF", "TaskEF.csproj", "{6074BFAB-6E35-42B2-AC45-818BE131A3A1}"
EndProject
Global
	GlobalSection(SolutionConfigurationPlatforms) = preSolution
		Debug|Any CPU = Debug|Any CPU
		Release|Any CPU = Release|Any CPU
	EndGlobalSection
	GlobalSection(ProjectConfigurationPlatforms) = postSolution
		{6074BFAB-6E35-42B2-AC45-818BE131A3A1}.Debug|Any CPU.ActiveCfg = Debug|Any CPU
		{6074BFAB-6E35-42B2-AC45-818BE131A3A1}.Debug|Any CPU.Build.0 = Debug|Any CPU
		{6074BFAB-6E35-42B2-AC45-818BE131A3A1}.Release|Any CPU.ActiveCfg = Release|Any CPU
		{6074BFAB-6E35-42B2-AC45-818BE131A3A1}.Release|Any CPU.Build.0 = Release|Any CPU
	EndGlobalSection
	GlobalSection(SolutionProperties) = preSolution
		HideSolutionNode = FALSE
	EndGlobalSection
	GlobalSection(ExtensibilityGlobals) = postSolution
		SolutionGuid = {ABCBF91F-5BB2-4800-8EAD-970694F3DF36}
	EndGlobalSection
EndGlobal
